
Microsoft Visual Studio Solution File, Format Version 12.00
# Visual Studio 15
VisualStudioVersion = 15.0.27428.2015
MinimumVisualStudioVersion = 10.0.40219.1
Project("{FAE04EC0-301F-11D3-BF4B-00C04F79EFBC}") = "Arrays", "Arrays\Arrays.csproj", "{640AE1EA-A8F3-4030-87EE-A9A3FD947B8C}"
EndProject
Global
	GlobalSection(SolutionConfigurationPlatforms) = preSolution
		Debug|Any CPU = Debug|Any CPU
		Release|Any CPU = Release|Any CPU
	EndGlobalSection
	GlobalSection(ProjectConfigurationPlatforms) = postSolution
		{640AE1EA-A8F3-4030-87EE-A9A3FD947B8C}.Debug|Any CPU.ActiveCfg = Debug|Any CPU
		{640AE1EA-A8F3-4030-87EE-A9A3FD947B8C}.Debug|Any CPU.Build.0 = Debug|Any CPU
		{640AE1EA-A8F3-4030-87EE-A9A3FD947B8C}.Release|Any CPU.ActiveCfg = Release|Any CPU
		{640AE1EA-A8F3-4030-87EE-A9A3FD947B8C}.Release|Any CPU.Build.0 = Release|Any CPU
	EndGlobalSection
	GlobalSection(SolutionProperties) = preSolution
		HideSolutionNode = FALSE
	EndGlobalSection
	GlobalSection(ExtensibilityGlobals) = postSolution
		SolutionGuid = {F3394CF3-B2D3-4694-AD9E-989C110AB42F}
	EndGlobalSection
EndGlobal
